// !$*UTF8*$!
{
	archiveVersion = 1;
	classes = {
	};
	objectVersion = 56;
	objects = {

/* Begin PBXBuildFile section */
		231254132CF4EDFE0045E052 /* EventoriasApp.swift in Sources */ = {isa = PBXBuildFile; fileRef = 231254122CF4EDFE0045E052 /* EventoriasApp.swift */; };
		231254152CF4EDFE0045E052 /* HomeView.swift in Sources */ = {isa = PBXBuildFile; fileRef = 231254142CF4EDFE0045E052 /* HomeView.swift */; };
		231254172CF4EE0A0045E052 /* Assets.xcassets in Resources */ = {isa = PBXBuildFile; fileRef = 231254162CF4EE0A0045E052 /* Assets.xcassets */; };
		2312541A2CF4EE0A0045E052 /* Preview Assets.xcassets in Resources */ = {isa = PBXBuildFile; fileRef = 231254192CF4EE0A0045E052 /* Preview Assets.xcassets */; };
		231254242CF4EE0B0045E052 /* EventoriasTests.swift in Sources */ = {isa = PBXBuildFile; fileRef = 231254232CF4EE0B0045E052 /* EventoriasTests.swift */; };
		237F60E82CFE0A1D00B9AD01 /* ListViewModel.swift in Sources */ = {isa = PBXBuildFile; fileRef = 237F60E72CFE0A1D00B9AD01 /* ListViewModel.swift */; };
		237F60EB2CFE0AEF00B9AD01 /* DateExtension.swift in Sources */ = {isa = PBXBuildFile; fileRef = 237F60EA2CFE0AEF00B9AD01 /* DateExtension.swift */; };
		237F60EE2CFE105A00B9AD01 /* EventoriasRepository.swift in Sources */ = {isa = PBXBuildFile; fileRef = 237F60ED2CFE105A00B9AD01 /* EventoriasRepository.swift */; };
		23AA588C2CFD1D4600C45DA8 /* UserDetailView.swift in Sources */ = {isa = PBXBuildFile; fileRef = 23AA588B2CFD1D4600C45DA8 /* UserDetailView.swift */; };
		23B3043D2CF5D61600106980 /* GoogleService-Info.plist in Resources */ = {isa = PBXBuildFile; fileRef = 23B3043C2CF5D61500106980 /* GoogleService-Info.plist */; };
		23B304402CF5E14600106980 /* FirebaseAnalytics in Frameworks */ = {isa = PBXBuildFile; productRef = 23B3043F2CF5E14600106980 /* FirebaseAnalytics */; };
		23B304422CF5E14600106980 /* FirebaseAnalyticsSwift in Frameworks */ = {isa = PBXBuildFile; productRef = 23B304412CF5E14600106980 /* FirebaseAnalyticsSwift */; };
		23B304442CF5E14600106980 /* FirebaseAuth in Frameworks */ = {isa = PBXBuildFile; productRef = 23B304432CF5E14600106980 /* FirebaseAuth */; };
		23B304462CF5E14600106980 /* FirebaseFirestore in Frameworks */ = {isa = PBXBuildFile; productRef = 23B304452CF5E14600106980 /* FirebaseFirestore */; };
		23B304482CF5E14600106980 /* FirebaseFirestoreSwift in Frameworks */ = {isa = PBXBuildFile; productRef = 23B304472CF5E14600106980 /* FirebaseFirestoreSwift */; };
		23B3044A2CF6043300106980 /* ListView.swift in Sources */ = {isa = PBXBuildFile; fileRef = 23B304492CF6043300106980 /* ListView.swift */; };
		23B3044E2CF611EC00106980 /* AuthentificationViewModel.swift in Sources */ = {isa = PBXBuildFile; fileRef = 23B3044D2CF611EC00106980 /* AuthentificationViewModel.swift */; };
		23B304502CF61FEE00106980 /* RegistrationView.swift in Sources */ = {isa = PBXBuildFile; fileRef = 23B3044F2CF61FEE00106980 /* RegistrationView.swift */; };
		23E95D162CF9BBC60024AA49 /* AuthToken.swift in Sources */ = {isa = PBXBuildFile; fileRef = 23E95D152CF9BBC60024AA49 /* AuthToken.swift */; };
		23E95D182CF9DF940024AA49 /* MainSessionManager.swift in Sources */ = {isa = PBXBuildFile; fileRef = 23E95D172CF9DF940024AA49 /* MainSessionManager.swift */; };
		23ECD8452CF7832800EA4BC4 /* EventEntry.swift in Sources */ = {isa = PBXBuildFile; fileRef = 23ECD8442CF7832800EA4BC4 /* EventEntry.swift */; };
		23F1FA952CF86E4F0092B83C /* protocolsFirebaseData.swift in Sources */ = {isa = PBXBuildFile; fileRef = 23F1FA942CF86E4F0092B83C /* protocolsFirebaseData.swift */; };
		23F1FA992CF887DF0092B83C /* FirebaseAuthenticationManager.swift in Sources */ = {isa = PBXBuildFile; fileRef = 23F1FA982CF887DE0092B83C /* FirebaseAuthenticationManager.swift */; };
/* End PBXBuildFile section */

/* Begin PBXContainerItemProxy section */
		231254202CF4EE0A0045E052 /* PBXContainerItemProxy */ = {
			isa = PBXContainerItemProxy;
			containerPortal = 231254072CF4EDFE0045E052 /* Project object */;
			proxyType = 1;
			remoteGlobalIDString = 2312540E2CF4EDFE0045E052;
			remoteInfo = Eventorias;
		};
/* End PBXContainerItemProxy section */

/* Begin PBXFileReference section */
		2312540F2CF4EDFE0045E052 /* Eventorias.app */ = {isa = PBXFileReference; explicitFileType = wrapper.application; includeInIndex = 0; path = Eventorias.app; sourceTree = BUILT_PRODUCTS_DIR; };
		231254122CF4EDFE0045E052 /* EventoriasApp.swift */ = {isa = PBXFileReference; lastKnownFileType = sourcecode.swift; path = EventoriasApp.swift; sourceTree = "<group>"; };
		231254142CF4EDFE0045E052 /* HomeView.swift */ = {isa = PBXFileReference; lastKnownFileType = sourcecode.swift; path = HomeView.swift; sourceTree = "<group>"; };
		231254162CF4EE0A0045E052 /* Assets.xcassets */ = {isa = PBXFileReference; lastKnownFileType = folder.assetcatalog; path = Assets.xcassets; sourceTree = "<group>"; };
		231254192CF4EE0A0045E052 /* Preview Assets.xcassets */ = {isa = PBXFileReference; lastKnownFileType = folder.assetcatalog; path = "Preview Assets.xcassets"; sourceTree = "<group>"; };
		2312541F2CF4EE0A0045E052 /* EventoriasTests.xctest */ = {isa = PBXFileReference; explicitFileType = wrapper.cfbundle; includeInIndex = 0; path = EventoriasTests.xctest; sourceTree = BUILT_PRODUCTS_DIR; };
		231254232CF4EE0B0045E052 /* EventoriasTests.swift */ = {isa = PBXFileReference; lastKnownFileType = sourcecode.swift; path = EventoriasTests.swift; sourceTree = "<group>"; };
		237F60E72CFE0A1D00B9AD01 /* ListViewModel.swift */ = {isa = PBXFileReference; lastKnownFileType = sourcecode.swift; path = ListViewModel.swift; sourceTree = "<group>"; };
		237F60EA2CFE0AEF00B9AD01 /* DateExtension.swift */ = {isa = PBXFileReference; lastKnownFileType = sourcecode.swift; path = DateExtension.swift; sourceTree = "<group>"; };
		237F60ED2CFE105A00B9AD01 /* EventoriasRepository.swift */ = {isa = PBXFileReference; lastKnownFileType = sourcecode.swift; path = EventoriasRepository.swift; sourceTree = "<group>"; };
		23AA588B2CFD1D4600C45DA8 /* UserDetailView.swift */ = {isa = PBXFileReference; lastKnownFileType = sourcecode.swift; path = UserDetailView.swift; sourceTree = "<group>"; };
		23B3043C2CF5D61500106980 /* GoogleService-Info.plist */ = {isa = PBXFileReference; fileEncoding = 4; lastKnownFileType = text.plist.xml; path = "GoogleService-Info.plist"; sourceTree = "<group>"; };
		23B304492CF6043300106980 /* ListView.swift */ = {isa = PBXFileReference; lastKnownFileType = sourcecode.swift; path = ListView.swift; sourceTree = "<group>"; };
		23B3044D2CF611EC00106980 /* AuthentificationViewModel.swift */ = {isa = PBXFileReference; lastKnownFileType = sourcecode.swift; path = AuthentificationViewModel.swift; sourceTree = "<group>"; };
		23B3044F2CF61FEE00106980 /* RegistrationView.swift */ = {isa = PBXFileReference; lastKnownFileType = sourcecode.swift; path = RegistrationView.swift; sourceTree = "<group>"; };
		23E95D132CF9B6130024AA49 /* Eventorias.entitlements */ = {isa = PBXFileReference; lastKnownFileType = text.plist.entitlements; path = Eventorias.entitlements; sourceTree = "<group>"; };
		23E95D152CF9BBC60024AA49 /* AuthToken.swift */ = {isa = PBXFileReference; lastKnownFileType = sourcecode.swift; path = AuthToken.swift; sourceTree = "<group>"; };
		23E95D172CF9DF940024AA49 /* MainSessionManager.swift */ = {isa = PBXFileReference; lastKnownFileType = sourcecode.swift; path = MainSessionManager.swift; sourceTree = "<group>"; };
		23ECD8442CF7832800EA4BC4 /* EventEntry.swift */ = {isa = PBXFileReference; lastKnownFileType = sourcecode.swift; path = EventEntry.swift; sourceTree = "<group>"; };
		23F1FA942CF86E4F0092B83C /* protocolsFirebaseData.swift */ = {isa = PBXFileReference; lastKnownFileType = sourcecode.swift; path = protocolsFirebaseData.swift; sourceTree = "<group>"; };
		23F1FA982CF887DE0092B83C /* FirebaseAuthenticationManager.swift */ = {isa = PBXFileReference; lastKnownFileType = sourcecode.swift; path = FirebaseAuthenticationManager.swift; sourceTree = "<group>"; };
/* End PBXFileReference section */

/* Begin PBXFrameworksBuildPhase section */
		2312540C2CF4EDFE0045E052 /* Frameworks */ = {
			isa = PBXFrameworksBuildPhase;
			buildActionMask = 2147483647;
			files = (
				23B304482CF5E14600106980 /* FirebaseFirestoreSwift in Frameworks */,
				23B304422CF5E14600106980 /* FirebaseAnalyticsSwift in Frameworks */,
				23B304462CF5E14600106980 /* FirebaseFirestore in Frameworks */,
				23B304442CF5E14600106980 /* FirebaseAuth in Frameworks */,
				23B304402CF5E14600106980 /* FirebaseAnalytics in Frameworks */,
			);
			runOnlyForDeploymentPostprocessing = 0;
		};
		2312541C2CF4EE0A0045E052 /* Frameworks */ = {
			isa = PBXFrameworksBuildPhase;
			buildActionMask = 2147483647;
			files = (
			);
			runOnlyForDeploymentPostprocessing = 0;
		};
/* End PBXFrameworksBuildPhase section */

/* Begin PBXGroup section */
		231254062CF4EDFE0045E052 = {
			isa = PBXGroup;
			children = (
				231254112CF4EDFE0045E052 /* Eventorias */,
				231254222CF4EE0A0045E052 /* EventoriasTests */,
				231254102CF4EDFE0045E052 /* Products */,
			);
			sourceTree = "<group>";
		};
		231254102CF4EDFE0045E052 /* Products */ = {
			isa = PBXGroup;
			children = (
				2312540F2CF4EDFE0045E052 /* Eventorias.app */,
				2312541F2CF4EE0A0045E052 /* EventoriasTests.xctest */,
			);
			name = Products;
			sourceTree = "<group>";
		};
		231254112CF4EDFE0045E052 /* Eventorias */ = {
			isa = PBXGroup;
			children = (
				23E95D132CF9B6130024AA49 /* Eventorias.entitlements */,
				23F67F042CF5C62B00819AEB /* Model */,
				23F67F052CF5C63D00819AEB /* View */,
				23F67F062CF5C65900819AEB /* ViewModel */,
				231254122CF4EDFE0045E052 /* EventoriasApp.swift */,
				231254162CF4EE0A0045E052 /* Assets.xcassets */,
				23B3043C2CF5D61500106980 /* GoogleService-Info.plist */,
				231254182CF4EE0A0045E052 /* Preview Content */,
			);
			path = Eventorias;
			sourceTree = "<group>";
		};
		231254182CF4EE0A0045E052 /* Preview Content */ = {
			isa = PBXGroup;
			children = (
				231254192CF4EE0A0045E052 /* Preview Assets.xcassets */,
			);
			path = "Preview Content";
			sourceTree = "<group>";
		};
		231254222CF4EE0A0045E052 /* EventoriasTests */ = {
			isa = PBXGroup;
			children = (
				231254232CF4EE0B0045E052 /* EventoriasTests.swift */,
			);
			path = EventoriasTests;
			sourceTree = "<group>";
		};
		237F60E92CFE0ABE00B9AD01 /* Extension */ = {
			isa = PBXGroup;
			children = (
				237F60EA2CFE0AEF00B9AD01 /* DateExtension.swift */,
			);
			path = Extension;
			sourceTree = "<group>";
		};
		237F60EC2CFE0FEB00B9AD01 /* Service */ = {
			isa = PBXGroup;
			children = (
				237F60ED2CFE105A00B9AD01 /* EventoriasRepository.swift */,
			);
			path = Service;
			sourceTree = "<group>";
		};
		23E95D142CF9BB1A0024AA49 /* Token */ = {
			isa = PBXGroup;
			children = (
				23E95D152CF9BBC60024AA49 /* AuthToken.swift */,
			);
			path = Token;
			sourceTree = "<group>";
		};
		23F1FA932CF86CD90092B83C /* Protocols */ = {
			isa = PBXGroup;
			children = (
				23F1FA942CF86E4F0092B83C /* protocolsFirebaseData.swift */,
				23F1FA982CF887DE0092B83C /* FirebaseAuthenticationManager.swift */,
			);
			path = Protocols;
			sourceTree = "<group>";
		};
		23F67F042CF5C62B00819AEB /* Model */ = {
			isa = PBXGroup;
			children = (
				237F60EC2CFE0FEB00B9AD01 /* Service */,
				237F60E92CFE0ABE00B9AD01 /* Extension */,
				23E95D142CF9BB1A0024AA49 /* Token */,
				23F1FA932CF86CD90092B83C /* Protocols */,
				23ECD8442CF7832800EA4BC4 /* EventEntry.swift */,
			);
			path = Model;
			sourceTree = "<group>";
		};
		23F67F052CF5C63D00819AEB /* View */ = {
			isa = PBXGroup;
			children = (
				231254142CF4EDFE0045E052 /* HomeView.swift */,
				23B304492CF6043300106980 /* ListView.swift */,
				23B3044F2CF61FEE00106980 /* RegistrationView.swift */,
				23AA588B2CFD1D4600C45DA8 /* UserDetailView.swift */,
			);
			path = View;
			sourceTree = "<group>";
		};
		23F67F062CF5C65900819AEB /* ViewModel */ = {
			isa = PBXGroup;
			children = (
				23B3044D2CF611EC00106980 /* AuthentificationViewModel.swift */,
				23E95D172CF9DF940024AA49 /* MainSessionManager.swift */,
				237F60E72CFE0A1D00B9AD01 /* ListViewModel.swift */,
			);
			path = ViewModel;
			sourceTree = "<group>";
		};
/* End PBXGroup section */

/* Begin PBXNativeTarget section */
		2312540E2CF4EDFE0045E052 /* Eventorias */ = {
			isa = PBXNativeTarget;
			buildConfigurationList = 231254332CF4EE0B0045E052 /* Build configuration list for PBXNativeTarget "Eventorias" */;
			buildPhases = (
				2312540B2CF4EDFE0045E052 /* Sources */,
				2312540C2CF4EDFE0045E052 /* Frameworks */,
				2312540D2CF4EDFE0045E052 /* Resources */,
			);
			buildRules = (
			);
			dependencies = (
			);
			name = Eventorias;
			packageProductDependencies = (
				23B3043F2CF5E14600106980 /* FirebaseAnalytics */,
				23B304412CF5E14600106980 /* FirebaseAnalyticsSwift */,
				23B304432CF5E14600106980 /* FirebaseAuth */,
				23B304452CF5E14600106980 /* FirebaseFirestore */,
				23B304472CF5E14600106980 /* FirebaseFirestoreSwift */,
			);
			productName = Eventorias;
			productReference = 2312540F2CF4EDFE0045E052 /* Eventorias.app */;
			productType = "com.apple.product-type.application";
		};
		2312541E2CF4EE0A0045E052 /* EventoriasTests */ = {
			isa = PBXNativeTarget;
			buildConfigurationList = 231254362CF4EE0B0045E052 /* Build configuration list for PBXNativeTarget "EventoriasTests" */;
			buildPhases = (
				2312541B2CF4EE0A0045E052 /* Sources */,
				2312541C2CF4EE0A0045E052 /* Frameworks */,
				2312541D2CF4EE0A0045E052 /* Resources */,
			);
			buildRules = (
			);
			dependencies = (
				231254212CF4EE0A0045E052 /* PBXTargetDependency */,
			);
			name = EventoriasTests;
			productName = EventoriasTests;
			productReference = 2312541F2CF4EE0A0045E052 /* EventoriasTests.xctest */;
			productType = "com.apple.product-type.bundle.unit-test";
		};
/* End PBXNativeTarget section */

/* Begin PBXProject section */
		231254072CF4EDFE0045E052 /* Project object */ = {
			isa = PBXProject;
			attributes = {
				BuildIndependentTargetsInParallel = 1;
				LastSwiftUpdateCheck = 1420;
				LastUpgradeCheck = 1420;
				TargetAttributes = {
					2312540E2CF4EDFE0045E052 = {
						CreatedOnToolsVersion = 14.2;
					};
					2312541E2CF4EE0A0045E052 = {
						CreatedOnToolsVersion = 14.2;
						TestTargetID = 2312540E2CF4EDFE0045E052;
					};
				};
			};
			buildConfigurationList = 2312540A2CF4EDFE0045E052 /* Build configuration list for PBXProject "Eventorias" */;
			compatibilityVersion = "Xcode 14.0";
			developmentRegion = en;
			hasScannedForEncodings = 0;
			knownRegions = (
				en,
				Base,
			);
			mainGroup = 231254062CF4EDFE0045E052;
			packageReferences = (
				23B3043E2CF5E14600106980 /* XCRemoteSwiftPackageReference "firebase-ios-sdk" */,
			);
			productRefGroup = 231254102CF4EDFE0045E052 /* Products */;
			projectDirPath = "";
			projectRoot = "";
			targets = (
				2312540E2CF4EDFE0045E052 /* Eventorias */,
				2312541E2CF4EE0A0045E052 /* EventoriasTests */,
			);
		};
/* End PBXProject section */

/* Begin PBXResourcesBuildPhase section */
		2312540D2CF4EDFE0045E052 /* Resources */ = {
			isa = PBXResourcesBuildPhase;
			buildActionMask = 2147483647;
			files = (
				2312541A2CF4EE0A0045E052 /* Preview Assets.xcassets in Resources */,
				231254172CF4EE0A0045E052 /* Assets.xcassets in Resources */,
				23B3043D2CF5D61600106980 /* GoogleService-Info.plist in Resources */,
			);
			runOnlyForDeploymentPostprocessing = 0;
		};
		2312541D2CF4EE0A0045E052 /* Resources */ = {
			isa = PBXResourcesBuildPhase;
			buildActionMask = 2147483647;
			files = (
			);
			runOnlyForDeploymentPostprocessing = 0;
		};
/* End PBXResourcesBuildPhase section */

/* Begin PBXSourcesBuildPhase section */
		2312540B2CF4EDFE0045E052 /* Sources */ = {
			isa = PBXSourcesBuildPhase;
			buildActionMask = 2147483647;
			files = (
				231254152CF4EDFE0045E052 /* HomeView.swift in Sources */,
				231254132CF4EDFE0045E052 /* EventoriasApp.swift in Sources */,
				237F60E82CFE0A1D00B9AD01 /* ListViewModel.swift in Sources */,
				23ECD8452CF7832800EA4BC4 /* EventEntry.swift in Sources */,
				23F1FA992CF887DF0092B83C /* FirebaseAuthenticationManager.swift in Sources */,
				237F60EB2CFE0AEF00B9AD01 /* DateExtension.swift in Sources */,
				23B304502CF61FEE00106980 /* RegistrationView.swift in Sources */,
				237F60EE2CFE105A00B9AD01 /* EventoriasRepository.swift in Sources */,
				23F1FA952CF86E4F0092B83C /* protocolsFirebaseData.swift in Sources */,
				23E95D182CF9DF940024AA49 /* MainSessionManager.swift in Sources */,
				23B3044E2CF611EC00106980 /* AuthentificationViewModel.swift in Sources */,
				23B3044A2CF6043300106980 /* ListView.swift in Sources */,
				23E95D162CF9BBC60024AA49 /* AuthToken.swift in Sources */,
				23AA588C2CFD1D4600C45DA8 /* UserDetailView.swift in Sources */,
			);
			runOnlyForDeploymentPostprocessing = 0;
		};
		2312541B2CF4EE0A0045E052 /* Sources */ = {
			isa = PBXSourcesBuildPhase;
			buildActionMask = 2147483647;
			files = (
				231254242CF4EE0B0045E052 /* EventoriasTests.swift in Sources */,
			);
			runOnlyForDeploymentPostprocessing = 0;
		};
/* End PBXSourcesBuildPhase section */

/* Begin PBXTargetDependency section */
		231254212CF4EE0A0045E052 /* PBXTargetDependency */ = {
			isa = PBXTargetDependency;
			target = 2312540E2CF4EDFE0045E052 /* Eventorias */;
			targetProxy = 231254202CF4EE0A0045E052 /* PBXContainerItemProxy */;
		};
/* End PBXTargetDependency section */

/* Begin XCBuildConfiguration section */
		231254312CF4EE0B0045E052 /* Debug */ = {
			isa = XCBuildConfiguration;
			buildSettings = {
				ALWAYS_SEARCH_USER_PATHS = NO;
				CLANG_ANALYZER_NONNULL = YES;
				CLANG_ANALYZER_NUMBER_OBJECT_CONVERSION = YES_AGGRESSIVE;
				CLANG_CXX_LANGUAGE_STANDARD = "gnu++20";
				CLANG_ENABLE_MODULES = YES;
				CLANG_ENABLE_OBJC_ARC = YES;
				CLANG_ENABLE_OBJC_WEAK = YES;
				CLANG_WARN_BLOCK_CAPTURE_AUTORELEASING = YES;
				CLANG_WARN_BOOL_CONVERSION = YES;
				CLANG_WARN_COMMA = YES;
				CLANG_WARN_CONSTANT_CONVERSION = YES;
				CLANG_WARN_DEPRECATED_OBJC_IMPLEMENTATIONS = YES;
				CLANG_WARN_DIRECT_OBJC_ISA_USAGE = YES_ERROR;
				CLANG_WARN_DOCUMENTATION_COMMENTS = YES;
				CLANG_WARN_EMPTY_BODY = YES;
				CLANG_WARN_ENUM_CONVERSION = YES;
				CLANG_WARN_INFINITE_RECURSION = YES;
				CLANG_WARN_INT_CONVERSION = YES;
				CLANG_WARN_NON_LITERAL_NULL_CONVERSION = YES;
				CLANG_WARN_OBJC_IMPLICIT_RETAIN_SELF = YES;
				CLANG_WARN_OBJC_LITERAL_CONVERSION = YES;
				CLANG_WARN_OBJC_ROOT_CLASS = YES_ERROR;
				CLANG_WARN_QUOTED_INCLUDE_IN_FRAMEWORK_HEADER = YES;
				CLANG_WARN_RANGE_LOOP_ANALYSIS = YES;
				CLANG_WARN_STRICT_PROTOTYPES = YES;
				CLANG_WARN_SUSPICIOUS_MOVE = YES;
				CLANG_WARN_UNGUARDED_AVAILABILITY = YES_AGGRESSIVE;
				CLANG_WARN_UNREACHABLE_CODE = YES;
				CLANG_WARN__DUPLICATE_METHOD_MATCH = YES;
				COPY_PHASE_STRIP = NO;
				DEBUG_INFORMATION_FORMAT = dwarf;
				ENABLE_STRICT_OBJC_MSGSEND = YES;
				ENABLE_TESTABILITY = YES;
				GCC_C_LANGUAGE_STANDARD = gnu11;
				GCC_DYNAMIC_NO_PIC = NO;
				GCC_NO_COMMON_BLOCKS = YES;
				GCC_OPTIMIZATION_LEVEL = 0;
				GCC_PREPROCESSOR_DEFINITIONS = (
					"DEBUG=1",
					"$(inherited)",
				);
				GCC_WARN_64_TO_32_BIT_CONVERSION = YES;
				GCC_WARN_ABOUT_RETURN_TYPE = YES_ERROR;
				GCC_WARN_UNDECLARED_SELECTOR = YES;
				GCC_WARN_UNINITIALIZED_AUTOS = YES_AGGRESSIVE;
				GCC_WARN_UNUSED_FUNCTION = YES;
				GCC_WARN_UNUSED_VARIABLE = YES;
				IPHONEOS_DEPLOYMENT_TARGET = 16.2;
				MTL_ENABLE_DEBUG_INFO = INCLUDE_SOURCE;
				MTL_FAST_MATH = YES;
				ONLY_ACTIVE_ARCH = YES;
				SDKROOT = iphoneos;
				SWIFT_ACTIVE_COMPILATION_CONDITIONS = DEBUG;
				SWIFT_OPTIMIZATION_LEVEL = "-Onone";
			};
			name = Debug;
		};
		231254322CF4EE0B0045E052 /* Release */ = {
			isa = XCBuildConfiguration;
			buildSettings = {
				ALWAYS_SEARCH_USER_PATHS = NO;
				CLANG_ANALYZER_NONNULL = YES;
				CLANG_ANALYZER_NUMBER_OBJECT_CONVERSION = YES_AGGRESSIVE;
				CLANG_CXX_LANGUAGE_STANDARD = "gnu++20";
				CLANG_ENABLE_MODULES = YES;
				CLANG_ENABLE_OBJC_ARC = YES;
				CLANG_ENABLE_OBJC_WEAK = YES;
				CLANG_WARN_BLOCK_CAPTURE_AUTORELEASING = YES;
				CLANG_WARN_BOOL_CONVERSION = YES;
				CLANG_WARN_COMMA = YES;
				CLANG_WARN_CONSTANT_CONVERSION = YES;
				CLANG_WARN_DEPRECATED_OBJC_IMPLEMENTATIONS = YES;
				CLANG_WARN_DIRECT_OBJC_ISA_USAGE = YES_ERROR;
				CLANG_WARN_DOCUMENTATION_COMMENTS = YES;
				CLANG_WARN_EMPTY_BODY = YES;
				CLANG_WARN_ENUM_CONVERSION = YES;
				CLANG_WARN_INFINITE_RECURSION = YES;
				CLANG_WARN_INT_CONVERSION = YES;
				CLANG_WARN_NON_LITERAL_NULL_CONVERSION = YES;
				CLANG_WARN_OBJC_IMPLICIT_RETAIN_SELF = YES;
				CLANG_WARN_OBJC_LITERAL_CONVERSION = YES;
				CLANG_WARN_OBJC_ROOT_CLASS = YES_ERROR;
				CLANG_WARN_QUOTED_INCLUDE_IN_FRAMEWORK_HEADER = YES;
				CLANG_WARN_RANGE_LOOP_ANALYSIS = YES;
				CLANG_WARN_STRICT_PROTOTYPES = YES;
				CLANG_WARN_SUSPICIOUS_MOVE = YES;
				CLANG_WARN_UNGUARDED_AVAILABILITY = YES_AGGRESSIVE;
				CLANG_WARN_UNREACHABLE_CODE = YES;
				CLANG_WARN__DUPLICATE_METHOD_MATCH = YES;
				COPY_PHASE_STRIP = NO;
				DEBUG_INFORMATION_FORMAT = "dwarf-with-dsym";
				ENABLE_NS_ASSERTIONS = NO;
				ENABLE_STRICT_OBJC_MSGSEND = YES;
				GCC_C_LANGUAGE_STANDARD = gnu11;
				GCC_NO_COMMON_BLOCKS = YES;
				GCC_WARN_64_TO_32_BIT_CONVERSION = YES;
				GCC_WARN_ABOUT_RETURN_TYPE = YES_ERROR;
				GCC_WARN_UNDECLARED_SELECTOR = YES;
				GCC_WARN_UNINITIALIZED_AUTOS = YES_AGGRESSIVE;
				GCC_WARN_UNUSED_FUNCTION = YES;
				GCC_WARN_UNUSED_VARIABLE = YES;
				IPHONEOS_DEPLOYMENT_TARGET = 16.2;
				MTL_ENABLE_DEBUG_INFO = NO;
				MTL_FAST_MATH = YES;
				SDKROOT = iphoneos;
				SWIFT_COMPILATION_MODE = wholemodule;
				SWIFT_OPTIMIZATION_LEVEL = "-O";
				VALIDATE_PRODUCT = YES;
			};
			name = Release;
		};
		231254342CF4EE0B0045E052 /* Debug */ = {
			isa = XCBuildConfiguration;
			buildSettings = {
				ASSETCATALOG_COMPILER_APPICON_NAME = AppIcon;
				ASSETCATALOG_COMPILER_GLOBAL_ACCENT_COLOR_NAME = AccentColor;
				CODE_SIGN_ENTITLEMENTS = Eventorias/Eventorias.entitlements;
				CODE_SIGN_IDENTITY = "Apple Development";
				CODE_SIGN_STYLE = Automatic;
				CURRENT_PROJECT_VERSION = 1;
				DEVELOPMENT_ASSET_PATHS = "\"Eventorias/Preview Content\"";
				DEVELOPMENT_TEAM = 99UMC25BBL;
				ENABLE_PREVIEWS = YES;
				GENERATE_INFOPLIST_FILE = YES;
				INFOPLIST_KEY_UIApplicationSceneManifest_Generation = YES;
				INFOPLIST_KEY_UIApplicationSupportsIndirectInputEvents = YES;
				INFOPLIST_KEY_UILaunchScreen_Generation = YES;
				INFOPLIST_KEY_UISupportedInterfaceOrientations_iPad = "UIInterfaceOrientationPortrait UIInterfaceOrientationPortraitUpsideDown UIInterfaceOrientationLandscapeLeft UIInterfaceOrientationLandscapeRight";
				INFOPLIST_KEY_UISupportedInterfaceOrientations_iPhone = "UIInterfaceOrientationPortrait UIInterfaceOrientationLandscapeLeft UIInterfaceOrientationLandscapeRight";
				LD_RUNPATH_SEARCH_PATHS = (
					"$(inherited)",
					"@executable_path/Frameworks",
				);
				MARKETING_VERSION = 1.0;
				PRODUCT_BUNDLE_IDENTIFIER = Eventorias.Eventorias;
				PRODUCT_NAME = "$(TARGET_NAME)";
				PROVISIONING_PROFILE_SPECIFIER = "";
				SWIFT_EMIT_LOC_STRINGS = YES;
				SWIFT_VERSION = 5.0;
				TARGETED_DEVICE_FAMILY = "1,2";
			};
			name = Debug;
		};
		231254352CF4EE0B0045E052 /* Release */ = {
			isa = XCBuildConfiguration;
			buildSettings = {
				ASSETCATALOG_COMPILER_APPICON_NAME = AppIcon;
				ASSETCATALOG_COMPILER_GLOBAL_ACCENT_COLOR_NAME = AccentColor;
				CODE_SIGN_ENTITLEMENTS = Eventorias/Eventorias.entitlements;
				CODE_SIGN_IDENTITY = "Apple Development";
				CODE_SIGN_STYLE = Automatic;
				CURRENT_PROJECT_VERSION = 1;
				DEVELOPMENT_ASSET_PATHS = "\"Eventorias/Preview Content\"";
				DEVELOPMENT_TEAM = 99UMC25BBL;
				ENABLE_PREVIEWS = YES;
				GENERATE_INFOPLIST_FILE = YES;
				INFOPLIST_KEY_UIApplicationSceneManifest_Generation = YES;
				INFOPLIST_KEY_UIApplicationSupportsIndirectInputEvents = YES;
				INFOPLIST_KEY_UILaunchScreen_Generation = YES;
				INFOPLIST_KEY_UISupportedInterfaceOrientations_iPad = "UIInterfaceOrientationPortrait UIInterfaceOrientationPortraitUpsideDown UIInterfaceOrientationLandscapeLeft UIInterfaceOrientationLandscapeRight";
				INFOPLIST_KEY_UISupportedInterfaceOrientations_iPhone = "UIInterfaceOrientationPortrait UIInterfaceOrientationLandscapeLeft UIInterfaceOrientationLandscapeRight";
				LD_RUNPATH_SEARCH_PATHS = (
					"$(inherited)",
					"@executable_path/Frameworks",
				);
				MARKETING_VERSION = 1.0;
				PRODUCT_BUNDLE_IDENTIFIER = Eventorias.Eventorias;
				PRODUCT_NAME = "$(TARGET_NAME)";
				PROVISIONING_PROFILE_SPECIFIER = "";
				SWIFT_EMIT_LOC_STRINGS = YES;
				SWIFT_VERSION = 5.0;
				TARGETED_DEVICE_FAMILY = "1,2";
			};
			name = Release;
		};
		231254372CF4EE0B0045E052 /* Debug */ = {
			isa = XCBuildConfiguration;
			buildSettings = {
				ALWAYS_EMBED_SWIFT_STANDARD_LIBRARIES = YES;
				BUNDLE_LOADER = "$(TEST_HOST)";
				CODE_SIGN_STYLE = Automatic;
				CURRENT_PROJECT_VERSION = 1;
				DEVELOPMENT_TEAM = 99UMC25BBL;
				GENERATE_INFOPLIST_FILE = YES;
				IPHONEOS_DEPLOYMENT_TARGET = 16.2;
				MARKETING_VERSION = 1.0;
				PRODUCT_BUNDLE_IDENTIFIER = Eventorias.EventoriasTests;
				PRODUCT_NAME = "$(TARGET_NAME)";
				SWIFT_EMIT_LOC_STRINGS = NO;
				SWIFT_VERSION = 5.0;
				TARGETED_DEVICE_FAMILY = "1,2";
				TEST_HOST = "$(BUILT_PRODUCTS_DIR)/Eventorias.app/$(BUNDLE_EXECUTABLE_FOLDER_PATH)/Eventorias";
			};
			name = Debug;
		};
		231254382CF4EE0B0045E052 /* Release */ = {
			isa = XCBuildConfiguration;
			buildSettings = {
				ALWAYS_EMBED_SWIFT_STANDARD_LIBRARIES = YES;
				BUNDLE_LOADER = "$(TEST_HOST)";
				CODE_SIGN_STYLE = Automatic;
				CURRENT_PROJECT_VERSION = 1;
				DEVELOPMENT_TEAM = 99UMC25BBL;
				GENERATE_INFOPLIST_FILE = YES;
				IPHONEOS_DEPLOYMENT_TARGET = 16.2;
				MARKETING_VERSION = 1.0;
				PRODUCT_BUNDLE_IDENTIFIER = Eventorias.EventoriasTests;
				PRODUCT_NAME = "$(TARGET_NAME)";
				SWIFT_EMIT_LOC_STRINGS = NO;
				SWIFT_VERSION = 5.0;
				TARGETED_DEVICE_FAMILY = "1,2";
				TEST_HOST = "$(BUILT_PRODUCTS_DIR)/Eventorias.app/$(BUNDLE_EXECUTABLE_FOLDER_PATH)/Eventorias";
			};
			name = Release;
		};
/* End XCBuildConfiguration section */

/* Begin XCConfigurationList section */
		2312540A2CF4EDFE0045E052 /* Build configuration list for PBXProject "Eventorias" */ = {
			isa = XCConfigurationList;
			buildConfigurations = (
				231254312CF4EE0B0045E052 /* Debug */,
				231254322CF4EE0B0045E052 /* Release */,
			);
			defaultConfigurationIsVisible = 0;
			defaultConfigurationName = Release;
		};
		231254332CF4EE0B0045E052 /* Build configuration list for PBXNativeTarget "Eventorias" */ = {
			isa = XCConfigurationList;
			buildConfigurations = (
				231254342CF4EE0B0045E052 /* Debug */,
				231254352CF4EE0B0045E052 /* Release */,
			);
			defaultConfigurationIsVisible = 0;
			defaultConfigurationName = Release;
		};
		231254362CF4EE0B0045E052 /* Build configuration list for PBXNativeTarget "EventoriasTests" */ = {
			isa = XCConfigurationList;
			buildConfigurations = (
				231254372CF4EE0B0045E052 /* Debug */,
				231254382CF4EE0B0045E052 /* Release */,
			);
			defaultConfigurationIsVisible = 0;
			defaultConfigurationName = Release;
		};
/* End XCConfigurationList section */

/* Begin XCRemoteSwiftPackageReference section */
		23B3043E2CF5E14600106980 /* XCRemoteSwiftPackageReference "firebase-ios-sdk" */ = {
			isa = XCRemoteSwiftPackageReference;
			repositoryURL = "https://github.com/firebase/firebase-ios-sdk.git";
			requirement = {
				kind = upToNextMajorVersion;
				minimumVersion = 9.0.0;
			};
		};
/* End XCRemoteSwiftPackageReference section */

/* Begin XCSwiftPackageProductDependency section */
		23B3043F2CF5E14600106980 /* FirebaseAnalytics */ = {
			isa = XCSwiftPackageProductDependency;
			package = 23B3043E2CF5E14600106980 /* XCRemoteSwiftPackageReference "firebase-ios-sdk" */;
			productName = FirebaseAnalytics;
		};
		23B304412CF5E14600106980 /* FirebaseAnalyticsSwift */ = {
			isa = XCSwiftPackageProductDependency;
			package = 23B3043E2CF5E14600106980 /* XCRemoteSwiftPackageReference "firebase-ios-sdk" */;
			productName = FirebaseAnalyticsSwift;
		};
		23B304432CF5E14600106980 /* FirebaseAuth */ = {
			isa = XCSwiftPackageProductDependency;
			package = 23B3043E2CF5E14600106980 /* XCRemoteSwiftPackageReference "firebase-ios-sdk" */;
			productName = FirebaseAuth;
		};
		23B304452CF5E14600106980 /* FirebaseFirestore */ = {
			isa = XCSwiftPackageProductDependency;
			package = 23B3043E2CF5E14600106980 /* XCRemoteSwiftPackageReference "firebase-ios-sdk" */;
			productName = FirebaseFirestore;
		};
		23B304472CF5E14600106980 /* FirebaseFirestoreSwift */ = {
			isa = XCSwiftPackageProductDependency;
			package = 23B3043E2CF5E14600106980 /* XCRemoteSwiftPackageReference "firebase-ios-sdk" */;
			productName = FirebaseFirestoreSwift;
		};
/* End XCSwiftPackageProductDependency section */
	};
	rootObject = 231254072CF4EDFE0045E052 /* Project object */;
}
