// !$*UTF8*$!
{
	archiveVersion = 1;
	classes = {
	};
	objectVersion = 56;
	objects = {

/* Begin PBXBuildFile section */
		236060422D0DC7BC00E3504F /* EventoriasApp.swift in Sources */ = {isa = PBXBuildFile; fileRef = 236060412D0DC7BC00E3504F /* EventoriasApp.swift */; };
		236060442D0DC7BC00E3504F /* ContentView.swift in Sources */ = {isa = PBXBuildFile; fileRef = 236060432D0DC7BC00E3504F /* ContentView.swift */; };
		236060462D0DC7C800E3504F /* Assets.xcassets in Resources */ = {isa = PBXBuildFile; fileRef = 236060452D0DC7C800E3504F /* Assets.xcassets */; };
		236060492D0DC7C800E3504F /* Preview Assets.xcassets in Resources */ = {isa = PBXBuildFile; fileRef = 236060482D0DC7C800E3504F /* Preview Assets.xcassets */; };
		236060532D0DC7CA00E3504F /* EventoriasTests.swift in Sources */ = {isa = PBXBuildFile; fileRef = 236060522D0DC7CA00E3504F /* EventoriasTests.swift */; };
		2360605D2D0DC7CB00E3504F /* EventoriasUITests.swift in Sources */ = {isa = PBXBuildFile; fileRef = 2360605C2D0DC7CB00E3504F /* EventoriasUITests.swift */; };
		2360605F2D0DC7CB00E3504F /* EventoriasUITestsLaunchTests.swift in Sources */ = {isa = PBXBuildFile; fileRef = 2360605E2D0DC7CB00E3504F /* EventoriasUITestsLaunchTests.swift */; };
/* End PBXBuildFile section */

/* Begin PBXContainerItemProxy section */
		2360604F2D0DC7CA00E3504F /* PBXContainerItemProxy */ = {
			isa = PBXContainerItemProxy;
			containerPortal = 236060362D0DC7BC00E3504F /* Project object */;
			proxyType = 1;
			remoteGlobalIDString = 2360603D2D0DC7BC00E3504F;
			remoteInfo = Eventorias;
		};
		236060592D0DC7CB00E3504F /* PBXContainerItemProxy */ = {
			isa = PBXContainerItemProxy;
			containerPortal = 236060362D0DC7BC00E3504F /* Project object */;
			proxyType = 1;
			remoteGlobalIDString = 2360603D2D0DC7BC00E3504F;
			remoteInfo = Eventorias;
		};
/* End PBXContainerItemProxy section */

/* Begin PBXFileReference section */
		2360603E2D0DC7BC00E3504F /* Eventorias.app */ = {isa = PBXFileReference; explicitFileType = wrapper.application; includeInIndex = 0; path = Eventorias.app; sourceTree = BUILT_PRODUCTS_DIR; };
		236060412D0DC7BC00E3504F /* EventoriasApp.swift */ = {isa = PBXFileReference; lastKnownFileType = sourcecode.swift; path = EventoriasApp.swift; sourceTree = "<group>"; };
		236060432D0DC7BC00E3504F /* ContentView.swift */ = {isa = PBXFileReference; lastKnownFileType = sourcecode.swift; path = ContentView.swift; sourceTree = "<group>"; };
		236060452D0DC7C800E3504F /* Assets.xcassets */ = {isa = PBXFileReference; lastKnownFileType = folder.assetcatalog; path = Assets.xcassets; sourceTree = "<group>"; };
		236060482D0DC7C800E3504F /* Preview Assets.xcassets */ = {isa = PBXFileReference; lastKnownFileType = folder.assetcatalog; path = "Preview Assets.xcassets"; sourceTree = "<group>"; };
		2360604E2D0DC7CA00E3504F /* EventoriasTests.xctest */ = {isa = PBXFileReference; explicitFileType = wrapper.cfbundle; includeInIndex = 0; path = EventoriasTests.xctest; sourceTree = BUILT_PRODUCTS_DIR; };
		236060522D0DC7CA00E3504F /* EventoriasTests.swift */ = {isa = PBXFileReference; lastKnownFileType = sourcecode.swift; path = EventoriasTests.swift; sourceTree = "<group>"; };
		236060582D0DC7CB00E3504F /* EventoriasUITests.xctest */ = {isa = PBXFileReference; explicitFileType = wrapper.cfbundle; includeInIndex = 0; path = EventoriasUITests.xctest; sourceTree = BUILT_PRODUCTS_DIR; };
		2360605C2D0DC7CB00E3504F /* EventoriasUITests.swift */ = {isa = PBXFileReference; lastKnownFileType = sourcecode.swift; path = EventoriasUITests.swift; sourceTree = "<group>"; };
		2360605E2D0DC7CB00E3504F /* EventoriasUITestsLaunchTests.swift */ = {isa = PBXFileReference; lastKnownFileType = sourcecode.swift; path = EventoriasUITestsLaunchTests.swift; sourceTree = "<group>"; };
/* End PBXFileReference section */

/* Begin PBXFrameworksBuildPhase section */
		2360603B2D0DC7BC00E3504F /* Frameworks */ = {
			isa = PBXFrameworksBuildPhase;
			buildActionMask = 2147483647;
			files = (
			);
			runOnlyForDeploymentPostprocessing = 0;
		};
		2360604B2D0DC7CA00E3504F /* Frameworks */ = {
			isa = PBXFrameworksBuildPhase;
			buildActionMask = 2147483647;
			files = (
			);
			runOnlyForDeploymentPostprocessing = 0;
		};
		236060552D0DC7CB00E3504F /* Frameworks */ = {
			isa = PBXFrameworksBuildPhase;
			buildActionMask = 2147483647;
			files = (
			);
			runOnlyForDeploymentPostprocessing = 0;
		};
/* End PBXFrameworksBuildPhase section */

/* Begin PBXGroup section */
		236060352D0DC7BC00E3504F = {
			isa = PBXGroup;
			children = (
				236060402D0DC7BC00E3504F /* Eventorias */,
				236060512D0DC7CA00E3504F /* EventoriasTests */,
				2360605B2D0DC7CB00E3504F /* EventoriasUITests */,
				2360603F2D0DC7BC00E3504F /* Products */,
			);
			sourceTree = "<group>";
		};
		2360603F2D0DC7BC00E3504F /* Products */ = {
			isa = PBXGroup;
			children = (
				2360603E2D0DC7BC00E3504F /* Eventorias.app */,
				2360604E2D0DC7CA00E3504F /* EventoriasTests.xctest */,
				236060582D0DC7CB00E3504F /* EventoriasUITests.xctest */,
			);
			name = Products;
			sourceTree = "<group>";
		};
		236060402D0DC7BC00E3504F /* Eventorias */ = {
			isa = PBXGroup;
			children = (
				236060412D0DC7BC00E3504F /* EventoriasApp.swift */,
				236060432D0DC7BC00E3504F /* ContentView.swift */,
				236060452D0DC7C800E3504F /* Assets.xcassets */,
				236060472D0DC7C800E3504F /* Preview Content */,
			);
			path = Eventorias;
			sourceTree = "<group>";
		};
		236060472D0DC7C800E3504F /* Preview Content */ = {
			isa = PBXGroup;
			children = (
				236060482D0DC7C800E3504F /* Preview Assets.xcassets */,
			);
			path = "Preview Content";
			sourceTree = "<group>";
		};
		236060512D0DC7CA00E3504F /* EventoriasTests */ = {
			isa = PBXGroup;
			children = (
				236060522D0DC7CA00E3504F /* EventoriasTests.swift */,
			);
			path = EventoriasTests;
			sourceTree = "<group>";
		};
		2360605B2D0DC7CB00E3504F /* EventoriasUITests */ = {
			isa = PBXGroup;
			children = (
				2360605C2D0DC7CB00E3504F /* EventoriasUITests.swift */,
				2360605E2D0DC7CB00E3504F /* EventoriasUITestsLaunchTests.swift */,
			);
			path = EventoriasUITests;
			sourceTree = "<group>";
		};
/* End PBXGroup section */

/* Begin PBXNativeTarget section */
		2360603D2D0DC7BC00E3504F /* Eventorias */ = {
			isa = PBXNativeTarget;
			buildConfigurationList = 236060622D0DC7CB00E3504F /* Build configuration list for PBXNativeTarget "Eventorias" */;
			buildPhases = (
				2360603A2D0DC7BC00E3504F /* Sources */,
				2360603B2D0DC7BC00E3504F /* Frameworks */,
				2360603C2D0DC7BC00E3504F /* Resources */,
			);
			buildRules = (
			);
			dependencies = (
			);
			name = Eventorias;
			productName = Eventorias;
			productReference = 2360603E2D0DC7BC00E3504F /* Eventorias.app */;
			productType = "com.apple.product-type.application";
		};
		2360604D2D0DC7CA00E3504F /* EventoriasTests */ = {
			isa = PBXNativeTarget;
			buildConfigurationList = 236060652D0DC7CB00E3504F /* Build configuration list for PBXNativeTarget "EventoriasTests" */;
			buildPhases = (
				2360604A2D0DC7CA00E3504F /* Sources */,
				2360604B2D0DC7CA00E3504F /* Frameworks */,
				2360604C2D0DC7CA00E3504F /* Resources */,
			);
			buildRules = (
			);
			dependencies = (
				236060502D0DC7CA00E3504F /* PBXTargetDependency */,
			);
			name = EventoriasTests;
			productName = EventoriasTests;
			productReference = 2360604E2D0DC7CA00E3504F /* EventoriasTests.xctest */;
			productType = "com.apple.product-type.bundle.unit-test";
		};
		236060572D0DC7CB00E3504F /* EventoriasUITests */ = {
			isa = PBXNativeTarget;
			buildConfigurationList = 236060682D0DC7CB00E3504F /* Build configuration list for PBXNativeTarget "EventoriasUITests" */;
			buildPhases = (
				236060542D0DC7CB00E3504F /* Sources */,
				236060552D0DC7CB00E3504F /* Frameworks */,
				236060562D0DC7CB00E3504F /* Resources */,
			);
			buildRules = (
			);
			dependencies = (
				2360605A2D0DC7CB00E3504F /* PBXTargetDependency */,
			);
			name = EventoriasUITests;
			productName = EventoriasUITests;
			productReference = 236060582D0DC7CB00E3504F /* EventoriasUITests.xctest */;
			productType = "com.apple.product-type.bundle.ui-testing";
		};
/* End PBXNativeTarget section */

/* Begin PBXProject section */
		236060362D0DC7BC00E3504F /* Project object */ = {
			isa = PBXProject;
			attributes = {
				BuildIndependentTargetsInParallel = 1;
				LastSwiftUpdateCheck = 1420;
				LastUpgradeCheck = 1420;
				TargetAttributes = {
					2360603D2D0DC7BC00E3504F = {
						CreatedOnToolsVersion = 14.2;
					};
					2360604D2D0DC7CA00E3504F = {
						CreatedOnToolsVersion = 14.2;
						TestTargetID = 2360603D2D0DC7BC00E3504F;
					};
					236060572D0DC7CB00E3504F = {
						CreatedOnToolsVersion = 14.2;
						TestTargetID = 2360603D2D0DC7BC00E3504F;
					};
				};
			};
			buildConfigurationList = 236060392D0DC7BC00E3504F /* Build configuration list for PBXProject "Eventorias" */;
			compatibilityVersion = "Xcode 14.0";
			developmentRegion = en;
			hasScannedForEncodings = 0;
			knownRegions = (
				en,
				Base,
			);
			mainGroup = 236060352D0DC7BC00E3504F;
			productRefGroup = 2360603F2D0DC7BC00E3504F /* Products */;
			projectDirPath = "";
			projectRoot = "";
			targets = (
				2360603D2D0DC7BC00E3504F /* Eventorias */,
				2360604D2D0DC7CA00E3504F /* EventoriasTests */,
				236060572D0DC7CB00E3504F /* EventoriasUITests */,
			);
		};
/* End PBXProject section */

/* Begin PBXResourcesBuildPhase section */
		2360603C2D0DC7BC00E3504F /* Resources */ = {
			isa = PBXResourcesBuildPhase;
			buildActionMask = 2147483647;
			files = (
				236060492D0DC7C800E3504F /* Preview Assets.xcassets in Resources */,
				236060462D0DC7C800E3504F /* Assets.xcassets in Resources */,
			);
			runOnlyForDeploymentPostprocessing = 0;
		};
		2360604C2D0DC7CA00E3504F /* Resources */ = {
			isa = PBXResourcesBuildPhase;
			buildActionMask = 2147483647;
			files = (
			);
			runOnlyForDeploymentPostprocessing = 0;
		};
		236060562D0DC7CB00E3504F /* Resources */ = {
			isa = PBXResourcesBuildPhase;
			buildActionMask = 2147483647;
			files = (
			);
			runOnlyForDeploymentPostprocessing = 0;
		};
/* End PBXResourcesBuildPhase section */

/* Begin PBXSourcesBuildPhase section */
		2360603A2D0DC7BC00E3504F /* Sources */ = {
			isa = PBXSourcesBuildPhase;
			buildActionMask = 2147483647;
			files = (
				236060442D0DC7BC00E3504F /* ContentView.swift in Sources */,
				236060422D0DC7BC00E3504F /* EventoriasApp.swift in Sources */,
			);
			runOnlyForDeploymentPostprocessing = 0;
		};
		2360604A2D0DC7CA00E3504F /* Sources */ = {
			isa = PBXSourcesBuildPhase;
			buildActionMask = 2147483647;
			files = (
				236060532D0DC7CA00E3504F /* EventoriasTests.swift in Sources */,
			);
			runOnlyForDeploymentPostprocessing = 0;
		};
		236060542D0DC7CB00E3504F /* Sources */ = {
			isa = PBXSourcesBuildPhase;
			buildActionMask = 2147483647;
			files = (
				2360605F2D0DC7CB00E3504F /* EventoriasUITestsLaunchTests.swift in Sources */,
				2360605D2D0DC7CB00E3504F /* EventoriasUITests.swift in Sources */,
			);
			runOnlyForDeploymentPostprocessing = 0;
		};
/* End PBXSourcesBuildPhase section */

/* Begin PBXTargetDependency section */
		236060502D0DC7CA00E3504F /* PBXTargetDependency */ = {
			isa = PBXTargetDependency;
			target = 2360603D2D0DC7BC00E3504F /* Eventorias */;
			targetProxy = 2360604F2D0DC7CA00E3504F /* PBXContainerItemProxy */;
		};
		2360605A2D0DC7CB00E3504F /* PBXTargetDependency */ = {
			isa = PBXTargetDependency;
			target = 2360603D2D0DC7BC00E3504F /* Eventorias */;
			targetProxy = 236060592D0DC7CB00E3504F /* PBXContainerItemProxy */;
		};
/* End PBXTargetDependency section */

/* Begin XCBuildConfiguration section */
		236060602D0DC7CB00E3504F /* Debug */ = {
			isa = XCBuildConfiguration;
			buildSettings = {
				ALWAYS_SEARCH_USER_PATHS = NO;
				CLANG_ANALYZER_NONNULL = YES;
				CLANG_ANALYZER_NUMBER_OBJECT_CONVERSION = YES_AGGRESSIVE;
				CLANG_CXX_LANGUAGE_STANDARD = "gnu++20";
				CLANG_ENABLE_MODULES = YES;
				CLANG_ENABLE_OBJC_ARC = YES;
				CLANG_ENABLE_OBJC_WEAK = YES;
				CLANG_WARN_BLOCK_CAPTURE_AUTORELEASING = YES;
				CLANG_WARN_BOOL_CONVERSION = YES;
				CLANG_WARN_COMMA = YES;
				CLANG_WARN_CONSTANT_CONVERSION = YES;
				CLANG_WARN_DEPRECATED_OBJC_IMPLEMENTATIONS = YES;
				CLANG_WARN_DIRECT_OBJC_ISA_USAGE = YES_ERROR;
				CLANG_WARN_DOCUMENTATION_COMMENTS = YES;
				CLANG_WARN_EMPTY_BODY = YES;
				CLANG_WARN_ENUM_CONVERSION = YES;
				CLANG_WARN_INFINITE_RECURSION = YES;
				CLANG_WARN_INT_CONVERSION = YES;
				CLANG_WARN_NON_LITERAL_NULL_CONVERSION = YES;
				CLANG_WARN_OBJC_IMPLICIT_RETAIN_SELF = YES;
				CLANG_WARN_OBJC_LITERAL_CONVERSION = YES;
				CLANG_WARN_OBJC_ROOT_CLASS = YES_ERROR;
				CLANG_WARN_QUOTED_INCLUDE_IN_FRAMEWORK_HEADER = YES;
				CLANG_WARN_RANGE_LOOP_ANALYSIS = YES;
				CLANG_WARN_STRICT_PROTOTYPES = YES;
				CLANG_WARN_SUSPICIOUS_MOVE = YES;
				CLANG_WARN_UNGUARDED_AVAILABILITY = YES_AGGRESSIVE;
				CLANG_WARN_UNREACHABLE_CODE = YES;
				CLANG_WARN__DUPLICATE_METHOD_MATCH = YES;
				COPY_PHASE_STRIP = NO;
				DEBUG_INFORMATION_FORMAT = dwarf;
				ENABLE_STRICT_OBJC_MSGSEND = YES;
				ENABLE_TESTABILITY = YES;
				GCC_C_LANGUAGE_STANDARD = gnu11;
				GCC_DYNAMIC_NO_PIC = NO;
				GCC_NO_COMMON_BLOCKS = YES;
				GCC_OPTIMIZATION_LEVEL = 0;
				GCC_PREPROCESSOR_DEFINITIONS = (
					"DEBUG=1",
					"$(inherited)",
				);
				GCC_WARN_64_TO_32_BIT_CONVERSION = YES;
				GCC_WARN_ABOUT_RETURN_TYPE = YES_ERROR;
				GCC_WARN_UNDECLARED_SELECTOR = YES;
				GCC_WARN_UNINITIALIZED_AUTOS = YES_AGGRESSIVE;
				GCC_WARN_UNUSED_FUNCTION = YES;
				GCC_WARN_UNUSED_VARIABLE = YES;
				IPHONEOS_DEPLOYMENT_TARGET = 16.2;
				MTL_ENABLE_DEBUG_INFO = INCLUDE_SOURCE;
				MTL_FAST_MATH = YES;
				ONLY_ACTIVE_ARCH = YES;
				SDKROOT = iphoneos;
				SWIFT_ACTIVE_COMPILATION_CONDITIONS = DEBUG;
				SWIFT_OPTIMIZATION_LEVEL = "-Onone";
			};
			name = Debug;
		};
		236060612D0DC7CB00E3504F /* Release */ = {
			isa = XCBuildConfiguration;
			buildSettings = {
				ALWAYS_SEARCH_USER_PATHS = NO;
				CLANG_ANALYZER_NONNULL = YES;
				CLANG_ANALYZER_NUMBER_OBJECT_CONVERSION = YES_AGGRESSIVE;
				CLANG_CXX_LANGUAGE_STANDARD = "gnu++20";
				CLANG_ENABLE_MODULES = YES;
				CLANG_ENABLE_OBJC_ARC = YES;
				CLANG_ENABLE_OBJC_WEAK = YES;
				CLANG_WARN_BLOCK_CAPTURE_AUTORELEASING = YES;
				CLANG_WARN_BOOL_CONVERSION = YES;
				CLANG_WARN_COMMA = YES;
				CLANG_WARN_CONSTANT_CONVERSION = YES;
				CLANG_WARN_DEPRECATED_OBJC_IMPLEMENTATIONS = YES;
				CLANG_WARN_DIRECT_OBJC_ISA_USAGE = YES_ERROR;
				CLANG_WARN_DOCUMENTATION_COMMENTS = YES;
				CLANG_WARN_EMPTY_BODY = YES;
				CLANG_WARN_ENUM_CONVERSION = YES;
				CLANG_WARN_INFINITE_RECURSION = YES;
				CLANG_WARN_INT_CONVERSION = YES;
				CLANG_WARN_NON_LITERAL_NULL_CONVERSION = YES;
				CLANG_WARN_OBJC_IMPLICIT_RETAIN_SELF = YES;
				CLANG_WARN_OBJC_LITERAL_CONVERSION = YES;
				CLANG_WARN_OBJC_ROOT_CLASS = YES_ERROR;
				CLANG_WARN_QUOTED_INCLUDE_IN_FRAMEWORK_HEADER = YES;
				CLANG_WARN_RANGE_LOOP_ANALYSIS = YES;
				CLANG_WARN_STRICT_PROTOTYPES = YES;
				CLANG_WARN_SUSPICIOUS_MOVE = YES;
				CLANG_WARN_UNGUARDED_AVAILABILITY = YES_AGGRESSIVE;
				CLANG_WARN_UNREACHABLE_CODE = YES;
				CLANG_WARN__DUPLICATE_METHOD_MATCH = YES;
				COPY_PHASE_STRIP = NO;
				DEBUG_INFORMATION_FORMAT = "dwarf-with-dsym";
				ENABLE_NS_ASSERTIONS = NO;
				ENABLE_STRICT_OBJC_MSGSEND = YES;
				GCC_C_LANGUAGE_STANDARD = gnu11;
				GCC_NO_COMMON_BLOCKS = YES;
				GCC_WARN_64_TO_32_BIT_CONVERSION = YES;
				GCC_WARN_ABOUT_RETURN_TYPE = YES_ERROR;
				GCC_WARN_UNDECLARED_SELECTOR = YES;
				GCC_WARN_UNINITIALIZED_AUTOS = YES_AGGRESSIVE;
				GCC_WARN_UNUSED_FUNCTION = YES;
				GCC_WARN_UNUSED_VARIABLE = YES;
				IPHONEOS_DEPLOYMENT_TARGET = 16.2;
				MTL_ENABLE_DEBUG_INFO = NO;
				MTL_FAST_MATH = YES;
				SDKROOT = iphoneos;
				SWIFT_COMPILATION_MODE = wholemodule;
				SWIFT_OPTIMIZATION_LEVEL = "-O";
				VALIDATE_PRODUCT = YES;
			};
			name = Release;
		};
		236060632D0DC7CB00E3504F /* Debug */ = {
			isa = XCBuildConfiguration;
			buildSettings = {
				ASSETCATALOG_COMPILER_APPICON_NAME = AppIcon;
				ASSETCATALOG_COMPILER_GLOBAL_ACCENT_COLOR_NAME = AccentColor;
				CODE_SIGN_STYLE = Automatic;
				CURRENT_PROJECT_VERSION = 1;
				DEVELOPMENT_ASSET_PATHS = "\"Eventorias/Preview Content\"";
				DEVELOPMENT_TEAM = 99UMC25BBL;
				ENABLE_PREVIEWS = YES;
				GENERATE_INFOPLIST_FILE = YES;
				INFOPLIST_KEY_UIApplicationSceneManifest_Generation = YES;
				INFOPLIST_KEY_UIApplicationSupportsIndirectInputEvents = YES;
				INFOPLIST_KEY_UILaunchScreen_Generation = YES;
				INFOPLIST_KEY_UISupportedInterfaceOrientations_iPad = "UIInterfaceOrientationPortrait UIInterfaceOrientationPortraitUpsideDown UIInterfaceOrientationLandscapeLeft UIInterfaceOrientationLandscapeRight";
				INFOPLIST_KEY_UISupportedInterfaceOrientations_iPhone = "UIInterfaceOrientationPortrait UIInterfaceOrientationLandscapeLeft UIInterfaceOrientationLandscapeRight";
				LD_RUNPATH_SEARCH_PATHS = (
					"$(inherited)",
					"@executable_path/Frameworks",
				);
				MARKETING_VERSION = 1.0;
				PRODUCT_BUNDLE_IDENTIFIER = Eventorias.Eventorias;
				PRODUCT_NAME = "$(TARGET_NAME)";
				SWIFT_EMIT_LOC_STRINGS = YES;
				SWIFT_VERSION = 5.0;
				TARGETED_DEVICE_FAMILY = "1,2";
			};
			name = Debug;
		};
		236060642D0DC7CB00E3504F /* Release */ = {
			isa = XCBuildConfiguration;
			buildSettings = {
				ASSETCATALOG_COMPILER_APPICON_NAME = AppIcon;
				ASSETCATALOG_COMPILER_GLOBAL_ACCENT_COLOR_NAME = AccentColor;
				CODE_SIGN_STYLE = Automatic;
				CURRENT_PROJECT_VERSION = 1;
				DEVELOPMENT_ASSET_PATHS = "\"Eventorias/Preview Content\"";
				DEVELOPMENT_TEAM = 99UMC25BBL;
				ENABLE_PREVIEWS = YES;
				GENERATE_INFOPLIST_FILE = YES;
				INFOPLIST_KEY_UIApplicationSceneManifest_Generation = YES;
				INFOPLIST_KEY_UIApplicationSupportsIndirectInputEvents = YES;
				INFOPLIST_KEY_UILaunchScreen_Generation = YES;
				INFOPLIST_KEY_UISupportedInterfaceOrientations_iPad = "UIInterfaceOrientationPortrait UIInterfaceOrientationPortraitUpsideDown UIInterfaceOrientationLandscapeLeft UIInterfaceOrientationLandscapeRight";
				INFOPLIST_KEY_UISupportedInterfaceOrientations_iPhone = "UIInterfaceOrientationPortrait UIInterfaceOrientationLandscapeLeft UIInterfaceOrientationLandscapeRight";
				LD_RUNPATH_SEARCH_PATHS = (
					"$(inherited)",
					"@executable_path/Frameworks",
				);
				MARKETING_VERSION = 1.0;
				PRODUCT_BUNDLE_IDENTIFIER = Eventorias.Eventorias;
				PRODUCT_NAME = "$(TARGET_NAME)";
				SWIFT_EMIT_LOC_STRINGS = YES;
				SWIFT_VERSION = 5.0;
				TARGETED_DEVICE_FAMILY = "1,2";
			};
			name = Release;
		};
		236060662D0DC7CB00E3504F /* Debug */ = {
			isa = XCBuildConfiguration;
			buildSettings = {
				ALWAYS_EMBED_SWIFT_STANDARD_LIBRARIES = YES;
				BUNDLE_LOADER = "$(TEST_HOST)";
				CODE_SIGN_STYLE = Automatic;
				CURRENT_PROJECT_VERSION = 1;
				DEVELOPMENT_TEAM = 99UMC25BBL;
				GENERATE_INFOPLIST_FILE = YES;
				IPHONEOS_DEPLOYMENT_TARGET = 16.2;
				MARKETING_VERSION = 1.0;
				PRODUCT_BUNDLE_IDENTIFIER = Eventorias.EventoriasTests;
				PRODUCT_NAME = "$(TARGET_NAME)";
				SWIFT_EMIT_LOC_STRINGS = NO;
				SWIFT_VERSION = 5.0;
				TARGETED_DEVICE_FAMILY = "1,2";
				TEST_HOST = "$(BUILT_PRODUCTS_DIR)/Eventorias.app/$(BUNDLE_EXECUTABLE_FOLDER_PATH)/Eventorias";
			};
			name = Debug;
		};
		236060672D0DC7CB00E3504F /* Release */ = {
			isa = XCBuildConfiguration;
			buildSettings = {
				ALWAYS_EMBED_SWIFT_STANDARD_LIBRARIES = YES;
				BUNDLE_LOADER = "$(TEST_HOST)";
				CODE_SIGN_STYLE = Automatic;
				CURRENT_PROJECT_VERSION = 1;
				DEVELOPMENT_TEAM = 99UMC25BBL;
				GENERATE_INFOPLIST_FILE = YES;
				IPHONEOS_DEPLOYMENT_TARGET = 16.2;
				MARKETING_VERSION = 1.0;
				PRODUCT_BUNDLE_IDENTIFIER = Eventorias.EventoriasTests;
				PRODUCT_NAME = "$(TARGET_NAME)";
				SWIFT_EMIT_LOC_STRINGS = NO;
				SWIFT_VERSION = 5.0;
				TARGETED_DEVICE_FAMILY = "1,2";
				TEST_HOST = "$(BUILT_PRODUCTS_DIR)/Eventorias.app/$(BUNDLE_EXECUTABLE_FOLDER_PATH)/Eventorias";
			};
			name = Release;
		};
		236060692D0DC7CB00E3504F /* Debug */ = {
			isa = XCBuildConfiguration;
			buildSettings = {
				ALWAYS_EMBED_SWIFT_STANDARD_LIBRARIES = YES;
				CODE_SIGN_STYLE = Automatic;
				CURRENT_PROJECT_VERSION = 1;
				DEVELOPMENT_TEAM = 99UMC25BBL;
				GENERATE_INFOPLIST_FILE = YES;
				MARKETING_VERSION = 1.0;
				PRODUCT_BUNDLE_IDENTIFIER = Eventorias.EventoriasUITests;
				PRODUCT_NAME = "$(TARGET_NAME)";
				SWIFT_EMIT_LOC_STRINGS = NO;
				SWIFT_VERSION = 5.0;
				TARGETED_DEVICE_FAMILY = "1,2";
				TEST_TARGET_NAME = Eventorias;
			};
			name = Debug;
		};
		2360606A2D0DC7CB00E3504F /* Release */ = {
			isa = XCBuildConfiguration;
			buildSettings = {
				ALWAYS_EMBED_SWIFT_STANDARD_LIBRARIES = YES;
				CODE_SIGN_STYLE = Automatic;
				CURRENT_PROJECT_VERSION = 1;
				DEVELOPMENT_TEAM = 99UMC25BBL;
				GENERATE_INFOPLIST_FILE = YES;
				MARKETING_VERSION = 1.0;
				PRODUCT_BUNDLE_IDENTIFIER = Eventorias.EventoriasUITests;
				PRODUCT_NAME = "$(TARGET_NAME)";
				SWIFT_EMIT_LOC_STRINGS = NO;
				SWIFT_VERSION = 5.0;
				TARGETED_DEVICE_FAMILY = "1,2";
				TEST_TARGET_NAME = Eventorias;
			};
			name = Release;
		};
/* End XCBuildConfiguration section */

/* Begin XCConfigurationList section */
		236060392D0DC7BC00E3504F /* Build configuration list for PBXProject "Eventorias" */ = {
			isa = XCConfigurationList;
			buildConfigurations = (
				236060602D0DC7CB00E3504F /* Debug */,
				236060612D0DC7CB00E3504F /* Release */,
			);
			defaultConfigurationIsVisible = 0;
			defaultConfigurationName = Release;
		};
		236060622D0DC7CB00E3504F /* Build configuration list for PBXNativeTarget "Eventorias" */ = {
			isa = XCConfigurationList;
			buildConfigurations = (
				236060632D0DC7CB00E3504F /* Debug */,
				236060642D0DC7CB00E3504F /* Release */,
			);
			defaultConfigurationIsVisible = 0;
			defaultConfigurationName = Release;
		};
		236060652D0DC7CB00E3504F /* Build configuration list for PBXNativeTarget "EventoriasTests" */ = {
			isa = XCConfigurationList;
			buildConfigurations = (
				236060662D0DC7CB00E3504F /* Debug */,
				236060672D0DC7CB00E3504F /* Release */,
			);
			defaultConfigurationIsVisible = 0;
			defaultConfigurationName = Release;
		};
		236060682D0DC7CB00E3504F /* Build configuration list for PBXNativeTarget "EventoriasUITests" */ = {
			isa = XCConfigurationList;
			buildConfigurations = (
				236060692D0DC7CB00E3504F /* Debug */,
				2360606A2D0DC7CB00E3504F /* Release */,
			);
			defaultConfigurationIsVisible = 0;
			defaultConfigurationName = Release;
		};
/* End XCConfigurationList section */
	};
	rootObject = 236060362D0DC7BC00E3504F /* Project object */;
}
